{
  "version": 4,
  "terraform_version": "1.11.3",
  "serial": 47,
  "lineage": "9b32f490-bec4-f14b-2aae-b0d26773dc8e",
  "outputs": {
    "az_list": {
      "value": {
        "us-east-1a": [
          "t3.micro"
        ],
        "us-east-1b": [
          "t3.micro"
        ],
        "us-east-1c": [
          "t3.micro"
        ],
        "us-east-1d": [
          "t3.micro"
        ],
        "us-east-1e": [],
        "us-east-1f": [
          "t3.micro"
        ]
      },
      "type": [
        "object",
        {
          "us-east-1a": [
            "list",
            "string"
          ],
          "us-east-1b": [
            "list",
            "string"
          ],
          "us-east-1c": [
            "list",
            "string"
          ],
          "us-east-1d": [
            "list",
            "string"
          ],
          "us-east-1e": [
            "list",
            "string"
          ],
          "us-east-1f": [
            "list",
            "string"
          ]
        }
      ]
    },
    "map_advanced": {
      "value": {
        "us-east-1a": "ec2-34-235-117-254.compute-1.amazonaws.com",
        "us-east-1b": "ec2-3-87-172-52.compute-1.amazonaws.com",
        "us-east-1c": "ec2-44-197-190-96.compute-1.amazonaws.com",
        "us-east-1d": "ec2-98-82-6-57.compute-1.amazonaws.com",
        "us-east-1f": "ec2-44-213-62-169.compute-1.amazonaws.com"
      },
      "type": [
        "object",
        {
          "us-east-1a": "string",
          "us-east-1b": "string",
          "us-east-1c": "string",
          "us-east-1d": "string",
          "us-east-1f": "string"
        }
      ]
    },
    "only_azs": {
      "value": [
        "us-east-1a",
        "us-east-1b",
        "us-east-1c",
        "us-east-1d",
        "us-east-1f"
      ],
      "type": [
        "tuple",
        [
          "string",
          "string",
          "string",
          "string",
          "string"
        ]
      ]
    },
    "output_list": {
      "value": [
        "i-060cf1ae05cf506e9",
        "i-06712cb654db2bdc3",
        "i-08dde9409db6fc8ea",
        "i-0b770cd8811354096",
        "i-0ecfdab9709ccc152"
      ],
      "type": [
        "set",
        "string"
      ]
    },
    "output_map": {
      "value": {
        "i-060cf1ae05cf506e9": "ec2-3-87-172-52.compute-1.amazonaws.com",
        "i-06712cb654db2bdc3": "ec2-44-197-190-96.compute-1.amazonaws.com",
        "i-08dde9409db6fc8ea": "ec2-34-235-117-254.compute-1.amazonaws.com",
        "i-0b770cd8811354096": "ec2-98-82-6-57.compute-1.amazonaws.com",
        "i-0ecfdab9709ccc152": "ec2-44-213-62-169.compute-1.amazonaws.com"
      },
      "type": [
        "map",
        "string"
      ]
    },
    "supported_zones": {
      "value": {
        "us-east-1a": [
          "t3.micro"
        ],
        "us-east-1b": [
          "t3.micro"
        ],
        "us-east-1c": [
          "t3.micro"
        ],
        "us-east-1d": [
          "t3.micro"
        ],
        "us-east-1f": [
          "t3.micro"
        ]
      },
      "type": [
        "object",
        {
          "us-east-1a": [
            "list",
            "string"
          ],
          "us-east-1b": [
            "list",
            "string"
          ],
          "us-east-1c": [
            "list",
            "string"
          ],
          "us-east-1d": [
            "list",
            "string"
          ],
          "us-east-1f": [
            "list",
            "string"
          ]
        }
      ]
    }
  },
  "resources": [
    {
      "mode": "data",
      "type": "aws_ami",
      "name": "my_ami",
      "provider": "provider[\"registry.terraform.io/hashicorp/aws\"]",
      "instances": [
        {
          "schema_version": 0,
          "attributes": {
            "architecture": "x86_64",
            "arn": "arn:aws:ec2:us-east-1::image/ami-03b4de1e633ccdc0f",
            "block_device_mappings": [
              {
                "device_name": "/dev/xvda",
                "ebs": {
                  "delete_on_termination": "true",
                  "encrypted": "false",
                  "iops": "3000",
                  "snapshot_id": "snap-0d22e2951151da89e",
                  "throughput": "125",
                  "volume_size": "30",
                  "volume_type": "gp3"
                },
                "no_device": "",
                "virtual_name": ""
              }
            ],
            "creation_date": "2025-04-17T22:09:52.000Z",
            "description": "Amazon Linux AMI 2023.0.20250417 x86_64 ECS HVM EBS",
            "ena_support": true,
            "executable_users": null,
            "filter": [
              {
                "name": "architecture",
                "values": [
                  "x86_64"
                ]
              },
              {
                "name": "name",
                "values": [
                  "al2023-ami-*-kernel-6.1-x86_64"
                ]
              },
              {
                "name": "root-device-type",
                "values": [
                  "ebs"
                ]
              },
              {
                "name": "virtualization-type",
                "values": [
                  "hvm"
                ]
              }
            ],
            "hypervisor": "xen",
            "id": "ami-03b4de1e633ccdc0f",
            "image_id": "ami-03b4de1e633ccdc0f",
            "image_location": "amazon/al2023-ami-ecs-hvm-2023.0.20250417-kernel-6.1-x86_64",
            "image_owner_alias": "amazon",
            "image_type": "machine",
            "kernel_id": null,
            "most_recent": true,
            "name": "al2023-ami-ecs-hvm-2023.0.20250417-kernel-6.1-x86_64",
            "name_regex": null,
            "owner_id": "591542846629",
            "owners": [
              "amazon"
            ],
            "platform": null,
            "platform_details": "Linux/UNIX",
            "product_codes": [],
            "public": true,
            "ramdisk_id": null,
            "root_device_name": "/dev/xvda",
            "root_device_type": "ebs",
            "root_snapshot_id": "snap-0d22e2951151da89e",
            "sriov_net_support": "simple",
            "state": "available",
            "state_reason": {
              "code": "UNSET",
              "message": "UNSET"
            },
            "tags": {},
            "usage_operation": "RunInstances",
            "virtualization_type": "hvm"
          },
          "sensitive_attributes": []
        }
      ]
    },
    {
      "mode": "data",
      "type": "aws_availability_zones",
      "name": "available",
      "provider": "provider[\"registry.terraform.io/hashicorp/aws\"]",
      "instances": [
        {
          "schema_version": 0,
          "attributes": {
            "all_availability_zones": null,
            "exclude_names": null,
            "exclude_zone_ids": null,
            "filter": [
              {
                "name": "opt-in-status",
                "values": [
                  "opt-in-not-required"
                ]
              }
            ],
            "group_names": [
              "us-east-1-zg-1"
            ],
            "id": "us-east-1",
            "names": [
              "us-east-1a",
              "us-east-1b",
              "us-east-1c",
              "us-east-1d",
              "us-east-1e",
              "us-east-1f"
            ],
            "state": null,
            "zone_ids": [
              "use1-az4",
              "use1-az6",
              "use1-az1",
              "use1-az2",
              "use1-az3",
              "use1-az5"
            ]
          },
          "sensitive_attributes": []
        }
      ]
    },
    {
      "mode": "data",
      "type": "aws_availability_zones",
      "name": "my_zone",
      "provider": "provider[\"registry.terraform.io/hashicorp/aws\"]",
      "instances": [
        {
          "schema_version": 0,
          "attributes": {
            "all_availability_zones": null,
            "exclude_names": null,
            "exclude_zone_ids": null,
            "filter": [
              {
                "name": "opt-in-status",
                "values": [
                  "opt-in-not-required"
                ]
              }
            ],
            "group_names": [
              "us-east-1-zg-1"
            ],
            "id": "us-east-1",
            "names": [
              "us-east-1a",
              "us-east-1b",
              "us-east-1c",
              "us-east-1d",
              "us-east-1e",
              "us-east-1f"
            ],
            "state": null,
            "zone_ids": [
              "use1-az4",
              "use1-az6",
              "use1-az1",
              "use1-az2",
              "use1-az3",
              "use1-az5"
            ]
          },
          "sensitive_attributes": []
        }
      ]
    },
    {
      "mode": "data",
      "type": "aws_ec2_instance_type_offerings",
      "name": "my_ins_type",
      "provider": "provider[\"registry.terraform.io/hashicorp/aws\"]",
      "instances": [
        {
          "index_key": "us-east-1a",
          "schema_version": 0,
          "attributes": {
            "filter": [
              {
                "name": "instance-type",
                "values": [
                  "t3.micro"
                ]
              },
              {
                "name": "location",
                "values": [
                  "us-east-1a"
                ]
              }
            ],
            "id": "us-east-1",
            "instance_types": [
              "t3.micro"
            ],
            "location_type": "availability-zone",
            "location_types": [
              "availability-zone"
            ],
            "locations": [
              "us-east-1a"
            ]
          },
          "sensitive_attributes": []
        },
        {
          "index_key": "us-east-1b",
          "schema_version": 0,
          "attributes": {
            "filter": [
              {
                "name": "instance-type",
                "values": [
                  "t3.micro"
                ]
              },
              {
                "name": "location",
                "values": [
                  "us-east-1b"
                ]
              }
            ],
            "id": "us-east-1",
            "instance_types": [
              "t3.micro"
            ],
            "location_type": "availability-zone",
            "location_types": [
              "availability-zone"
            ],
            "locations": [
              "us-east-1b"
            ]
          },
          "sensitive_attributes": []
        },
        {
          "index_key": "us-east-1c",
          "schema_version": 0,
          "attributes": {
            "filter": [
              {
                "name": "instance-type",
                "values": [
                  "t3.micro"
                ]
              },
              {
                "name": "location",
                "values": [
                  "us-east-1c"
                ]
              }
            ],
            "id": "us-east-1",
            "instance_types": [
              "t3.micro"
            ],
            "location_type": "availability-zone",
            "location_types": [
              "availability-zone"
            ],
            "locations": [
              "us-east-1c"
            ]
          },
          "sensitive_attributes": []
        },
        {
          "index_key": "us-east-1d",
          "schema_version": 0,
          "attributes": {
            "filter": [
              {
                "name": "instance-type",
                "values": [
                  "t3.micro"
                ]
              },
              {
                "name": "location",
                "values": [
                  "us-east-1d"
                ]
              }
            ],
            "id": "us-east-1",
            "instance_types": [
              "t3.micro"
            ],
            "location_type": "availability-zone",
            "location_types": [
              "availability-zone"
            ],
            "locations": [
              "us-east-1d"
            ]
          },
          "sensitive_attributes": []
        },
        {
          "index_key": "us-east-1e",
          "schema_version": 0,
          "attributes": {
            "filter": [
              {
                "name": "instance-type",
                "values": [
                  "t3.micro"
                ]
              },
              {
                "name": "location",
                "values": [
                  "us-east-1e"
                ]
              }
            ],
            "id": "us-east-1",
            "instance_types": [],
            "location_type": "availability-zone",
            "location_types": [],
            "locations": []
          },
          "sensitive_attributes": []
        },
        {
          "index_key": "us-east-1f",
          "schema_version": 0,
          "attributes": {
            "filter": [
              {
                "name": "instance-type",
                "values": [
                  "t3.micro"
                ]
              },
              {
                "name": "location",
                "values": [
                  "us-east-1f"
                ]
              }
            ],
            "id": "us-east-1",
            "instance_types": [
              "t3.micro"
            ],
            "location_type": "availability-zone",
            "location_types": [
              "availability-zone"
            ],
            "locations": [
              "us-east-1f"
            ]
          },
          "sensitive_attributes": []
        }
      ]
    },
    {
      "mode": "managed",
      "type": "aws_instance",
      "name": "instance_using_variable",
      "provider": "provider[\"registry.terraform.io/hashicorp/aws\"]",
      "instances": [
        {
          "index_key": "us-east-1a",
          "schema_version": 1,
          "attributes": {
            "ami": "ami-03b4de1e633ccdc0f",
            "arn": "arn:aws:ec2:us-east-1:140687771725:instance/i-08dde9409db6fc8ea",
            "associate_public_ip_address": true,
            "availability_zone": "us-east-1a",
            "capacity_reservation_specification": [
              {
                "capacity_reservation_preference": "open",
                "capacity_reservation_target": []
              }
            ],
            "cpu_core_count": 1,
            "cpu_threads_per_core": 2,
            "credit_specification": [
              {
                "cpu_credits": "unlimited"
              }
            ],
            "disable_api_termination": false,
            "ebs_block_device": [],
            "ebs_optimized": false,
            "enclave_options": [
              {
                "enabled": false
              }
            ],
            "ephemeral_block_device": [],
            "get_password_data": false,
            "hibernation": false,
            "host_id": null,
            "iam_instance_profile": "",
            "id": "i-08dde9409db6fc8ea",
            "instance_initiated_shutdown_behavior": "stop",
            "instance_state": "running",
            "instance_type": "t3.micro",
            "ipv6_address_count": 0,
            "ipv6_addresses": [],
            "key_name": "terraform_us-east-1",
            "launch_template": [],
            "metadata_options": [
              {
                "http_endpoint": "enabled",
                "http_put_response_hop_limit": 2,
                "http_tokens": "required",
                "instance_metadata_tags": "disabled"
              }
            ],
            "monitoring": false,
            "network_interface": [],
            "outpost_arn": "",
            "password_data": "",
            "placement_group": "",
            "placement_partition_number": null,
            "primary_network_interface_id": "eni-0ec22263c9ce9d065",
            "private_dns": "ip-172-31-27-4.ec2.internal",
            "private_ip": "172.31.27.4",
            "public_dns": "ec2-34-235-117-254.compute-1.amazonaws.com",
            "public_ip": "34.235.117.254",
            "root_block_device": [
              {
                "delete_on_termination": true,
                "device_name": "/dev/xvda",
                "encrypted": false,
                "iops": 3000,
                "kms_key_id": "",
                "tags": {},
                "throughput": 125,
                "volume_id": "vol-0d9a224bb78d50630",
                "volume_size": 30,
                "volume_type": "gp3"
              }
            ],
            "secondary_private_ips": [],
            "security_groups": [
              "VPC-HTTP",
              "VPC-SSH"
            ],
            "source_dest_check": true,
            "subnet_id": "subnet-0e1e1e7f3cb8f0f53",
            "tags": {
              "Name": "MyInstance Variable Demo - us-east-1a"
            },
            "tags_all": {
              "Name": "MyInstance Variable Demo - us-east-1a"
            },
            "tenancy": "default",
            "timeouts": null,
            "user_data": "207f5dacfa2f0b7eb01e14253e390252e0bd382c",
            "user_data_base64": null,
            "volume_tags": null,
            "vpc_security_group_ids": [
              "sg-0042ca0c4613753e0",
              "sg-01a93559a28fe50a0"
            ]
          },
          "sensitive_attributes": [],
          "private": "eyJlMmJmYjczMC1lY2FhLTExZTYtOGY4OC0zNDM2M2JjN2M0YzAiOnsiY3JlYXRlIjo2MDAwMDAwMDAwMDAsImRlbGV0ZSI6MTIwMDAwMDAwMDAwMCwidXBkYXRlIjo2MDAwMDAwMDAwMDB9LCJzY2hlbWFfdmVyc2lvbiI6IjEifQ==",
          "dependencies": [
            "aws_security_group.sg-HTTP",
            "aws_security_group.sg-SSH",
            "data.aws_ami.my_ami",
            "data.aws_availability_zones.available",
            "data.aws_ec2_instance_type_offerings.my_ins_type"
          ]
        },
        {
          "index_key": "us-east-1b",
          "schema_version": 1,
          "attributes": {
            "ami": "ami-03b4de1e633ccdc0f",
            "arn": "arn:aws:ec2:us-east-1:140687771725:instance/i-060cf1ae05cf506e9",
            "associate_public_ip_address": true,
            "availability_zone": "us-east-1b",
            "capacity_reservation_specification": [
              {
                "capacity_reservation_preference": "open",
                "capacity_reservation_target": []
              }
            ],
            "cpu_core_count": 1,
            "cpu_threads_per_core": 2,
            "credit_specification": [
              {
                "cpu_credits": "unlimited"
              }
            ],
            "disable_api_termination": false,
            "ebs_block_device": [],
            "ebs_optimized": false,
            "enclave_options": [
              {
                "enabled": false
              }
            ],
            "ephemeral_block_device": [],
            "get_password_data": false,
            "hibernation": false,
            "host_id": null,
            "iam_instance_profile": "",
            "id": "i-060cf1ae05cf506e9",
            "instance_initiated_shutdown_behavior": "stop",
            "instance_state": "running",
            "instance_type": "t3.micro",
            "ipv6_address_count": 0,
            "ipv6_addresses": [],
            "key_name": "terraform_us-east-1",
            "launch_template": [],
            "metadata_options": [
              {
                "http_endpoint": "enabled",
                "http_put_response_hop_limit": 2,
                "http_tokens": "required",
                "instance_metadata_tags": "disabled"
              }
            ],
            "monitoring": false,
            "network_interface": [],
            "outpost_arn": "",
            "password_data": "",
            "placement_group": "",
            "placement_partition_number": null,
            "primary_network_interface_id": "eni-05737f29f2942c0c4",
            "private_dns": "ip-172-31-38-26.ec2.internal",
            "private_ip": "172.31.38.26",
            "public_dns": "ec2-3-87-172-52.compute-1.amazonaws.com",
            "public_ip": "3.87.172.52",
            "root_block_device": [
              {
                "delete_on_termination": true,
                "device_name": "/dev/xvda",
                "encrypted": false,
                "iops": 3000,
                "kms_key_id": "",
                "tags": {},
                "throughput": 125,
                "volume_id": "vol-0be2fcefaf6a8e6b7",
                "volume_size": 30,
                "volume_type": "gp3"
              }
            ],
            "secondary_private_ips": [],
            "security_groups": [
              "VPC-HTTP",
              "VPC-SSH"
            ],
            "source_dest_check": true,
            "subnet_id": "subnet-004de9f8d3cfb800c",
            "tags": {
              "Name": "MyInstance Variable Demo - us-east-1b"
            },
            "tags_all": {
              "Name": "MyInstance Variable Demo - us-east-1b"
            },
            "tenancy": "default",
            "timeouts": null,
            "user_data": "207f5dacfa2f0b7eb01e14253e390252e0bd382c",
            "user_data_base64": null,
            "volume_tags": null,
            "vpc_security_group_ids": [
              "sg-0042ca0c4613753e0",
              "sg-01a93559a28fe50a0"
            ]
          },
          "sensitive_attributes": [],
          "private": "eyJlMmJmYjczMC1lY2FhLTExZTYtOGY4OC0zNDM2M2JjN2M0YzAiOnsiY3JlYXRlIjo2MDAwMDAwMDAwMDAsImRlbGV0ZSI6MTIwMDAwMDAwMDAwMCwidXBkYXRlIjo2MDAwMDAwMDAwMDB9LCJzY2hlbWFfdmVyc2lvbiI6IjEifQ==",
          "dependencies": [
            "aws_security_group.sg-HTTP",
            "aws_security_group.sg-SSH",
            "data.aws_ami.my_ami",
            "data.aws_availability_zones.available",
            "data.aws_ec2_instance_type_offerings.my_ins_type"
          ]
        },
        {
          "index_key": "us-east-1c",
          "schema_version": 1,
          "attributes": {
            "ami": "ami-03b4de1e633ccdc0f",
            "arn": "arn:aws:ec2:us-east-1:140687771725:instance/i-06712cb654db2bdc3",
            "associate_public_ip_address": true,
            "availability_zone": "us-east-1c",
            "capacity_reservation_specification": [
              {
                "capacity_reservation_preference": "open",
                "capacity_reservation_target": []
              }
            ],
            "cpu_core_count": 1,
            "cpu_threads_per_core": 2,
            "credit_specification": [
              {
                "cpu_credits": "unlimited"
              }
            ],
            "disable_api_termination": false,
            "ebs_block_device": [],
            "ebs_optimized": false,
            "enclave_options": [
              {
                "enabled": false
              }
            ],
            "ephemeral_block_device": [],
            "get_password_data": false,
            "hibernation": false,
            "host_id": null,
            "iam_instance_profile": "",
            "id": "i-06712cb654db2bdc3",
            "instance_initiated_shutdown_behavior": "stop",
            "instance_state": "running",
            "instance_type": "t3.micro",
            "ipv6_address_count": 0,
            "ipv6_addresses": [],
            "key_name": "terraform_us-east-1",
            "launch_template": [],
            "metadata_options": [
              {
                "http_endpoint": "enabled",
                "http_put_response_hop_limit": 2,
                "http_tokens": "required",
                "instance_metadata_tags": "disabled"
              }
            ],
            "monitoring": false,
            "network_interface": [],
            "outpost_arn": "",
            "password_data": "",
            "placement_group": "",
            "placement_partition_number": null,
            "primary_network_interface_id": "eni-0133e148297d33167",
            "private_dns": "ip-172-31-9-135.ec2.internal",
            "private_ip": "172.31.9.135",
            "public_dns": "ec2-44-197-190-96.compute-1.amazonaws.com",
            "public_ip": "44.197.190.96",
            "root_block_device": [
              {
                "delete_on_termination": true,
                "device_name": "/dev/xvda",
                "encrypted": false,
                "iops": 3000,
                "kms_key_id": "",
                "tags": {},
                "throughput": 125,
                "volume_id": "vol-08ea1f0f699c47240",
                "volume_size": 30,
                "volume_type": "gp3"
              }
            ],
            "secondary_private_ips": [],
            "security_groups": [
              "VPC-HTTP",
              "VPC-SSH"
            ],
            "source_dest_check": true,
            "subnet_id": "subnet-0a1b0b301e8580e8a",
            "tags": {
              "Name": "MyInstance Variable Demo - us-east-1c"
            },
            "tags_all": {
              "Name": "MyInstance Variable Demo - us-east-1c"
            },
            "tenancy": "default",
            "timeouts": null,
            "user_data": "207f5dacfa2f0b7eb01e14253e390252e0bd382c",
            "user_data_base64": null,
            "volume_tags": null,
            "vpc_security_group_ids": [
              "sg-0042ca0c4613753e0",
              "sg-01a93559a28fe50a0"
            ]
          },
          "sensitive_attributes": [],
          "private": "eyJlMmJmYjczMC1lY2FhLTExZTYtOGY4OC0zNDM2M2JjN2M0YzAiOnsiY3JlYXRlIjo2MDAwMDAwMDAwMDAsImRlbGV0ZSI6MTIwMDAwMDAwMDAwMCwidXBkYXRlIjo2MDAwMDAwMDAwMDB9LCJzY2hlbWFfdmVyc2lvbiI6IjEifQ==",
          "dependencies": [
            "aws_security_group.sg-HTTP",
            "aws_security_group.sg-SSH",
            "data.aws_ami.my_ami",
            "data.aws_availability_zones.available",
            "data.aws_ec2_instance_type_offerings.my_ins_type"
          ]
        },
        {
          "index_key": "us-east-1d",
          "schema_version": 1,
          "attributes": {
            "ami": "ami-03b4de1e633ccdc0f",
            "arn": "arn:aws:ec2:us-east-1:140687771725:instance/i-0b770cd8811354096",
            "associate_public_ip_address": true,
            "availability_zone": "us-east-1d",
            "capacity_reservation_specification": [
              {
                "capacity_reservation_preference": "open",
                "capacity_reservation_target": []
              }
            ],
            "cpu_core_count": 1,
            "cpu_threads_per_core": 2,
            "credit_specification": [
              {
                "cpu_credits": "unlimited"
              }
            ],
            "disable_api_termination": false,
            "ebs_block_device": [],
            "ebs_optimized": false,
            "enclave_options": [
              {
                "enabled": false
              }
            ],
            "ephemeral_block_device": [],
            "get_password_data": false,
            "hibernation": false,
            "host_id": null,
            "iam_instance_profile": "",
            "id": "i-0b770cd8811354096",
            "instance_initiated_shutdown_behavior": "stop",
            "instance_state": "running",
            "instance_type": "t3.micro",
            "ipv6_address_count": 0,
            "ipv6_addresses": [],
            "key_name": "terraform_us-east-1",
            "launch_template": [],
            "metadata_options": [
              {
                "http_endpoint": "enabled",
                "http_put_response_hop_limit": 2,
                "http_tokens": "required",
                "instance_metadata_tags": "disabled"
              }
            ],
            "monitoring": false,
            "network_interface": [],
            "outpost_arn": "",
            "password_data": "",
            "placement_group": "",
            "placement_partition_number": null,
            "primary_network_interface_id": "eni-0f03f2559135b7349",
            "private_dns": "ip-172-31-82-231.ec2.internal",
            "private_ip": "172.31.82.231",
            "public_dns": "ec2-98-82-6-57.compute-1.amazonaws.com",
            "public_ip": "98.82.6.57",
            "root_block_device": [
              {
                "delete_on_termination": true,
                "device_name": "/dev/xvda",
                "encrypted": false,
                "iops": 3000,
                "kms_key_id": "",
                "tags": {},
                "throughput": 125,
                "volume_id": "vol-0eaf7aabfcc74912a",
                "volume_size": 30,
                "volume_type": "gp3"
              }
            ],
            "secondary_private_ips": [],
            "security_groups": [
              "VPC-HTTP",
              "VPC-SSH"
            ],
            "source_dest_check": true,
            "subnet_id": "subnet-0fbe8475ab8399884",
            "tags": {
              "Name": "MyInstance Variable Demo - us-east-1d"
            },
            "tags_all": {
              "Name": "MyInstance Variable Demo - us-east-1d"
            },
            "tenancy": "default",
            "timeouts": null,
            "user_data": "207f5dacfa2f0b7eb01e14253e390252e0bd382c",
            "user_data_base64": null,
            "volume_tags": null,
            "vpc_security_group_ids": [
              "sg-0042ca0c4613753e0",
              "sg-01a93559a28fe50a0"
            ]
          },
          "sensitive_attributes": [],
          "private": "eyJlMmJmYjczMC1lY2FhLTExZTYtOGY4OC0zNDM2M2JjN2M0YzAiOnsiY3JlYXRlIjo2MDAwMDAwMDAwMDAsImRlbGV0ZSI6MTIwMDAwMDAwMDAwMCwidXBkYXRlIjo2MDAwMDAwMDAwMDB9LCJzY2hlbWFfdmVyc2lvbiI6IjEifQ==",
          "dependencies": [
            "aws_security_group.sg-HTTP",
            "aws_security_group.sg-SSH",
            "data.aws_ami.my_ami",
            "data.aws_availability_zones.available",
            "data.aws_ec2_instance_type_offerings.my_ins_type"
          ]
        },
        {
          "index_key": "us-east-1f",
          "schema_version": 1,
          "attributes": {
            "ami": "ami-03b4de1e633ccdc0f",
            "arn": "arn:aws:ec2:us-east-1:140687771725:instance/i-0ecfdab9709ccc152",
            "associate_public_ip_address": true,
            "availability_zone": "us-east-1f",
            "capacity_reservation_specification": [
              {
                "capacity_reservation_preference": "open",
                "capacity_reservation_target": []
              }
            ],
            "cpu_core_count": 1,
            "cpu_threads_per_core": 2,
            "credit_specification": [
              {
                "cpu_credits": "unlimited"
              }
            ],
            "disable_api_termination": false,
            "ebs_block_device": [],
            "ebs_optimized": false,
            "enclave_options": [
              {
                "enabled": false
              }
            ],
            "ephemeral_block_device": [],
            "get_password_data": false,
            "hibernation": false,
            "host_id": null,
            "iam_instance_profile": "",
            "id": "i-0ecfdab9709ccc152",
            "instance_initiated_shutdown_behavior": "stop",
            "instance_state": "running",
            "instance_type": "t3.micro",
            "ipv6_address_count": 0,
            "ipv6_addresses": [],
            "key_name": "terraform_us-east-1",
            "launch_template": [],
            "metadata_options": [
              {
                "http_endpoint": "enabled",
                "http_put_response_hop_limit": 2,
                "http_tokens": "required",
                "instance_metadata_tags": "disabled"
              }
            ],
            "monitoring": false,
            "network_interface": [],
            "outpost_arn": "",
            "password_data": "",
            "placement_group": "",
            "placement_partition_number": null,
            "primary_network_interface_id": "eni-0d95e8adf15096d3e",
            "private_dns": "ip-172-31-68-50.ec2.internal",
            "private_ip": "172.31.68.50",
            "public_dns": "ec2-44-213-62-169.compute-1.amazonaws.com",
            "public_ip": "44.213.62.169",
            "root_block_device": [
              {
                "delete_on_termination": true,
                "device_name": "/dev/xvda",
                "encrypted": false,
                "iops": 3000,
                "kms_key_id": "",
                "tags": {},
                "throughput": 125,
                "volume_id": "vol-01db4db786d894f8a",
                "volume_size": 30,
                "volume_type": "gp3"
              }
            ],
            "secondary_private_ips": [],
            "security_groups": [
              "VPC-HTTP",
              "VPC-SSH"
            ],
            "source_dest_check": true,
            "subnet_id": "subnet-043d78331f0a198a1",
            "tags": {
              "Name": "MyInstance Variable Demo - us-east-1f"
            },
            "tags_all": {
              "Name": "MyInstance Variable Demo - us-east-1f"
            },
            "tenancy": "default",
            "timeouts": null,
            "user_data": "207f5dacfa2f0b7eb01e14253e390252e0bd382c",
            "user_data_base64": null,
            "volume_tags": null,
            "vpc_security_group_ids": [
              "sg-0042ca0c4613753e0",
              "sg-01a93559a28fe50a0"
            ]
          },
          "sensitive_attributes": [],
          "private": "eyJlMmJmYjczMC1lY2FhLTExZTYtOGY4OC0zNDM2M2JjN2M0YzAiOnsiY3JlYXRlIjo2MDAwMDAwMDAwMDAsImRlbGV0ZSI6MTIwMDAwMDAwMDAwMCwidXBkYXRlIjo2MDAwMDAwMDAwMDB9LCJzY2hlbWFfdmVyc2lvbiI6IjEifQ==",
          "dependencies": [
            "aws_security_group.sg-HTTP",
            "aws_security_group.sg-SSH",
            "data.aws_ami.my_ami",
            "data.aws_availability_zones.available",
            "data.aws_ec2_instance_type_offerings.my_ins_type"
          ]
        }
      ]
    },
    {
      "mode": "managed",
      "type": "aws_security_group",
      "name": "sg-HTTP",
      "provider": "provider[\"registry.terraform.io/hashicorp/aws\"]",
      "instances": [
        {
          "schema_version": 1,
          "attributes": {
            "arn": "arn:aws:ec2:us-east-1:140687771725:security-group/sg-0042ca0c4613753e0",
            "description": "Allow HTTP access to the VPC",
            "egress": [
              {
                "cidr_blocks": [
                  "0.0.0.0/0"
                ],
                "description": "Allow all outbound traffic",
                "from_port": 0,
                "ipv6_cidr_blocks": [],
                "prefix_list_ids": [],
                "protocol": "-1",
                "security_groups": [],
                "self": false,
                "to_port": 0
              }
            ],
            "id": "sg-0042ca0c4613753e0",
            "ingress": [
              {
                "cidr_blocks": [
                  "0.0.0.0/0"
                ],
                "description": "Allow HTTP Access",
                "from_port": 443,
                "ipv6_cidr_blocks": [],
                "prefix_list_ids": [],
                "protocol": "tcp",
                "security_groups": [],
                "self": false,
                "to_port": 443
              },
              {
                "cidr_blocks": [
                  "0.0.0.0/0"
                ],
                "description": "Allow HTTP Access",
                "from_port": 80,
                "ipv6_cidr_blocks": [],
                "prefix_list_ids": [],
                "protocol": "tcp",
                "security_groups": [],
                "self": false,
                "to_port": 80
              }
            ],
            "name": "VPC-HTTP",
            "name_prefix": "",
            "owner_id": "140687771725",
            "revoke_rules_on_delete": false,
            "tags": {
              "Name": "sg-vpc-HTTP"
            },
            "tags_all": {
              "Name": "sg-vpc-HTTP"
            },
            "timeouts": null,
            "vpc_id": "vpc-09af9c3e18ef96473"
          },
          "sensitive_attributes": [],
          "private": "eyJlMmJmYjczMC1lY2FhLTExZTYtOGY4OC0zNDM2M2JjN2M0YzAiOnsiY3JlYXRlIjo2MDAwMDAwMDAwMDAsImRlbGV0ZSI6OTAwMDAwMDAwMDAwfSwic2NoZW1hX3ZlcnNpb24iOiIxIn0="
        }
      ]
    },
    {
      "mode": "managed",
      "type": "aws_security_group",
      "name": "sg-SSH",
      "provider": "provider[\"registry.terraform.io/hashicorp/aws\"]",
      "instances": [
        {
          "schema_version": 1,
          "attributes": {
            "arn": "arn:aws:ec2:us-east-1:140687771725:security-group/sg-01a93559a28fe50a0",
            "description": "Allow SSH access to the VPC",
            "egress": [
              {
                "cidr_blocks": [
                  "0.0.0.0/0"
                ],
                "description": "Allow all outbound traffic",
                "from_port": 0,
                "ipv6_cidr_blocks": [],
                "prefix_list_ids": [],
                "protocol": "-1",
                "security_groups": [],
                "self": false,
                "to_port": 0
              }
            ],
            "id": "sg-01a93559a28fe50a0",
            "ingress": [
              {
                "cidr_blocks": [
                  "0.0.0.0/0"
                ],
                "description": "Allow SSH Access",
                "from_port": 22,
                "ipv6_cidr_blocks": [],
                "prefix_list_ids": [],
                "protocol": "tcp",
                "security_groups": [],
                "self": false,
                "to_port": 22
              }
            ],
            "name": "VPC-SSH",
            "name_prefix": "",
            "owner_id": "140687771725",
            "revoke_rules_on_delete": false,
            "tags": {
              "Name": "sg-vpc-SSH"
            },
            "tags_all": {
              "Name": "sg-vpc-SSH"
            },
            "timeouts": null,
            "vpc_id": "vpc-09af9c3e18ef96473"
          },
          "sensitive_attributes": [],
          "private": "eyJlMmJmYjczMC1lY2FhLTExZTYtOGY4OC0zNDM2M2JjN2M0YzAiOnsiY3JlYXRlIjo2MDAwMDAwMDAwMDAsImRlbGV0ZSI6OTAwMDAwMDAwMDAwfSwic2NoZW1hX3ZlcnNpb24iOiIxIn0="
        }
      ]
    }
  ],
  "check_results": null
}
